
Microsoft Visual Studio Solution File, Format Version 12.00
# Visual Studio Version 17
VisualStudioVersion = 17.2.32630.192
MinimumVisualStudioVersion = 10.0.40219.1
Project("{FAE04EC0-301F-11D3-BF4B-00C04F79EFBC}") = "CurrencyRate.API", "CurrencyRate.Api\CurrencyRate.API.csproj", "{942F2FAF-71CF-49F0-BD65-87507C57053D}"
	ProjectSection(ProjectDependencies) = postProject
		{288D34FA-8CE1-48C0-AB9F-28DABDF21196} = {288D34FA-8CE1-48C0-AB9F-28DABDF21196}
		{B2D01312-896A-4253-AF00-3EB04136C6BE} = {B2D01312-896A-4253-AF00-3EB04136C6BE}
	EndProjectSection
EndProject
Project("{FAE04EC0-301F-11D3-BF4B-00C04F79EFBC}") = "CurrencyRate.BusinessLogic", "CurrencyRate.BusinessLogic\CurrencyRate.BusinessLogic.csproj", "{288D34FA-8CE1-48C0-AB9F-28DABDF21196}"
	ProjectSection(ProjectDependencies) = postProject
		{B2D01312-896A-4253-AF00-3EB04136C6BE} = {B2D01312-896A-4253-AF00-3EB04136C6BE}
	EndProjectSection
EndProject
Project("{FAE04EC0-301F-11D3-BF4B-00C04F79EFBC}") = "CurrencyRate.Domain", "CurrencyRate.Domain\CurrencyRate.Domain.csproj", "{B2D01312-896A-4253-AF00-3EB04136C6BE}"
EndProject
Global
	GlobalSection(SolutionConfigurationPlatforms) = preSolution
		Debug|Any CPU = Debug|Any CPU
		Release|Any CPU = Release|Any CPU
	EndGlobalSection
	GlobalSection(ProjectConfigurationPlatforms) = postSolution
		{942F2FAF-71CF-49F0-BD65-87507C57053D}.Debug|Any CPU.ActiveCfg = Debug|Any CPU
		{942F2FAF-71CF-49F0-BD65-87507C57053D}.Debug|Any CPU.Build.0 = Debug|Any CPU
		{942F2FAF-71CF-49F0-BD65-87507C57053D}.Release|Any CPU.ActiveCfg = Release|Any CPU
		{942F2FAF-71CF-49F0-BD65-87507C57053D}.Release|Any CPU.Build.0 = Release|Any CPU
		{288D34FA-8CE1-48C0-AB9F-28DABDF21196}.Debug|Any CPU.ActiveCfg = Debug|Any CPU
		{288D34FA-8CE1-48C0-AB9F-28DABDF21196}.Debug|Any CPU.Build.0 = Debug|Any CPU
		{288D34FA-8CE1-48C0-AB9F-28DABDF21196}.Release|Any CPU.ActiveCfg = Release|Any CPU
		{288D34FA-8CE1-48C0-AB9F-28DABDF21196}.Release|Any CPU.Build.0 = Release|Any CPU
		{B2D01312-896A-4253-AF00-3EB04136C6BE}.Debug|Any CPU.ActiveCfg = Debug|Any CPU
		{B2D01312-896A-4253-AF00-3EB04136C6BE}.Debug|Any CPU.Build.0 = Debug|Any CPU
		{B2D01312-896A-4253-AF00-3EB04136C6BE}.Release|Any CPU.ActiveCfg = Release|Any CPU
		{B2D01312-896A-4253-AF00-3EB04136C6BE}.Release|Any CPU.Build.0 = Release|Any CPU
	EndGlobalSection
	GlobalSection(SolutionProperties) = preSolution
		HideSolutionNode = FALSE
	EndGlobalSection
	GlobalSection(ExtensibilityGlobals) = postSolution
		SolutionGuid = {2CB1C814-017B-4689-8047-1328781ED0F0}
	EndGlobalSection
EndGlobal
